
Microsoft Visual Studio Solution File, Format Version 12.00
# Visual Studio 14
VisualStudioVersion = 14.0.25420.1
MinimumVisualStudioVersion = 10.0.40219.1
Project("{8BC9CEB8-8B4A-11D0-8D11-00A0C91BC942}") = "MFW_Engine", "MFW_Engine\MFW_Engine.vcxproj", "{8E0365EF-70F0-40C9-8CE7-3386B08308BA}"
EndProject
Project("{8BC9CEB8-8B4A-11D0-8D11-00A0C91BC942}") = "MFW", "MFW\MFW.vcxproj", "{FE6B6C7B-7331-4CDF-9F5B-A1BE89265A2B}"
EndProject
Project("{8BC9CEB8-8B4A-11D0-8D11-00A0C91BC942}") = "MFW_Common", "MFW_Common\MFW_Common.vcxproj", "{4869C016-D59C-4A6E-AAAC-2D4C0DD38593}"
EndProject
Project("{8BC9CEB8-8B4A-11D0-8D11-00A0C91BC942}") = "MFW_Produce", "MFW_Produce\MFW_Produce.vcxproj", "{B1CA8226-083C-489D-859F-A53B43E47A26}"
EndProject
Project("{8BC9CEB8-8B4A-11D0-8D11-00A0C91BC942}") = "MFW_Proto", "MFW_Proto\MFW_Proto.vcxproj", "{BBFB84D9-05C7-45C9-A261-B9578D493287}"
EndProject
Project("{8BC9CEB8-8B4A-11D0-8D11-00A0C91BC942}") = "MFW_Engine3D", "MFW_Engine3D\MFW_Engine3D.vcxproj", "{2E1FD5B2-87F9-414D-A221-A7EB1CFAD51E}"
EndProject
Project("{8BC9CEB8-8B4A-11D0-8D11-00A0C91BC942}") = "MFW_EngineHyfrax", "MFW_EngineHyfrax\MFW_EngineHyfrax.vcxproj", "{7868BF34-0338-4AC9-AC85-53C2E5813EDD}"
EndProject
Project("{8BC9CEB8-8B4A-11D0-8D11-00A0C91BC942}") = "MFW_EngineEditor", "MFW_EngineEditor\MFW_EngineMFC.vcxproj", "{14D6E57F-CEF0-4095-99B3-5D841589B62F}"
EndProject
Global
	GlobalSection(SolutionConfigurationPlatforms) = preSolution
		Debug|Any CPU = Debug|Any CPU
		Debug|x64 = Debug|x64
		Debug|x86 = Debug|x86
		Release|Any CPU = Release|Any CPU
		Release|x64 = Release|x64
		Release|x86 = Release|x86
	EndGlobalSection
	GlobalSection(ProjectConfigurationPlatforms) = postSolution
		{8E0365EF-70F0-40C9-8CE7-3386B08308BA}.Debug|Any CPU.ActiveCfg = Debug|Win32
		{8E0365EF-70F0-40C9-8CE7-3386B08308BA}.Debug|x64.ActiveCfg = Debug|x64
		{8E0365EF-70F0-40C9-8CE7-3386B08308BA}.Debug|x64.Build.0 = Debug|x64
		{8E0365EF-70F0-40C9-8CE7-3386B08308BA}.Debug|x86.ActiveCfg = Debug|Win32
		{8E0365EF-70F0-40C9-8CE7-3386B08308BA}.Debug|x86.Build.0 = Debug|Win32
		{8E0365EF-70F0-40C9-8CE7-3386B08308BA}.Release|Any CPU.ActiveCfg = Release|Win32
		{8E0365EF-70F0-40C9-8CE7-3386B08308BA}.Release|x64.ActiveCfg = Release|x64
		{8E0365EF-70F0-40C9-8CE7-3386B08308BA}.Release|x64.Build.0 = Release|x64
		{8E0365EF-70F0-40C9-8CE7-3386B08308BA}.Release|x86.ActiveCfg = Release|Win32
		{8E0365EF-70F0-40C9-8CE7-3386B08308BA}.Release|x86.Build.0 = Release|Win32
		{FE6B6C7B-7331-4CDF-9F5B-A1BE89265A2B}.Debug|Any CPU.ActiveCfg = Debug|Win32
		{FE6B6C7B-7331-4CDF-9F5B-A1BE89265A2B}.Debug|x64.ActiveCfg = Debug|x64
		{FE6B6C7B-7331-4CDF-9F5B-A1BE89265A2B}.Debug|x64.Build.0 = Debug|x64
		{FE6B6C7B-7331-4CDF-9F5B-A1BE89265A2B}.Debug|x86.ActiveCfg = Debug|Win32
		{FE6B6C7B-7331-4CDF-9F5B-A1BE89265A2B}.Debug|x86.Build.0 = Debug|Win32
		{FE6B6C7B-7331-4CDF-9F5B-A1BE89265A2B}.Release|Any CPU.ActiveCfg = Release|Win32
		{FE6B6C7B-7331-4CDF-9F5B-A1BE89265A2B}.Release|x64.ActiveCfg = Release|x64
		{FE6B6C7B-7331-4CDF-9F5B-A1BE89265A2B}.Release|x64.Build.0 = Release|x64
		{FE6B6C7B-7331-4CDF-9F5B-A1BE89265A2B}.Release|x86.ActiveCfg = Release|Win32
		{FE6B6C7B-7331-4CDF-9F5B-A1BE89265A2B}.Release|x86.Build.0 = Release|Win32
		{4869C016-D59C-4A6E-AAAC-2D4C0DD38593}.Debug|Any CPU.ActiveCfg = Debug|Win32
		{4869C016-D59C-4A6E-AAAC-2D4C0DD38593}.Debug|x64.ActiveCfg = Debug|x64
		{4869C016-D59C-4A6E-AAAC-2D4C0DD38593}.Debug|x64.Build.0 = Debug|x64
		{4869C016-D59C-4A6E-AAAC-2D4C0DD38593}.Debug|x86.ActiveCfg = Debug|Win32
		{4869C016-D59C-4A6E-AAAC-2D4C0DD38593}.Debug|x86.Build.0 = Debug|Win32
		{4869C016-D59C-4A6E-AAAC-2D4C0DD38593}.Release|Any CPU.ActiveCfg = Release|Win32
		{4869C016-D59C-4A6E-AAAC-2D4C0DD38593}.Release|x64.ActiveCfg = Release|x64
		{4869C016-D59C-4A6E-AAAC-2D4C0DD38593}.Release|x64.Build.0 = Release|x64
		{4869C016-D59C-4A6E-AAAC-2D4C0DD38593}.Release|x86.ActiveCfg = Release|Win32
		{4869C016-D59C-4A6E-AAAC-2D4C0DD38593}.Release|x86.Build.0 = Release|Win32
		{B1CA8226-083C-489D-859F-A53B43E47A26}.Debug|Any CPU.ActiveCfg = Debug|Win32
		{B1CA8226-083C-489D-859F-A53B43E47A26}.Debug|x64.ActiveCfg = Debug|x64
		{B1CA8226-083C-489D-859F-A53B43E47A26}.Debug|x64.Build.0 = Debug|x64
		{B1CA8226-083C-489D-859F-A53B43E47A26}.Debug|x86.ActiveCfg = Debug|Win32
		{B1CA8226-083C-489D-859F-A53B43E47A26}.Debug|x86.Build.0 = Debug|Win32
		{B1CA8226-083C-489D-859F-A53B43E47A26}.Release|Any CPU.ActiveCfg = Release|Win32
		{B1CA8226-083C-489D-859F-A53B43E47A26}.Release|x64.ActiveCfg = Release|x64
		{B1CA8226-083C-489D-859F-A53B43E47A26}.Release|x64.Build.0 = Release|x64
		{B1CA8226-083C-489D-859F-A53B43E47A26}.Release|x86.ActiveCfg = Release|Win32
		{B1CA8226-083C-489D-859F-A53B43E47A26}.Release|x86.Build.0 = Release|Win32
		{BBFB84D9-05C7-45C9-A261-B9578D493287}.Debug|Any CPU.ActiveCfg = Debug|Win32
		{BBFB84D9-05C7-45C9-A261-B9578D493287}.Debug|x64.ActiveCfg = Debug|x64
		{BBFB84D9-05C7-45C9-A261-B9578D493287}.Debug|x64.Build.0 = Debug|x64
		{BBFB84D9-05C7-45C9-A261-B9578D493287}.Debug|x86.ActiveCfg = Debug|Win32
		{BBFB84D9-05C7-45C9-A261-B9578D493287}.Debug|x86.Build.0 = Debug|Win32
		{BBFB84D9-05C7-45C9-A261-B9578D493287}.Release|Any CPU.ActiveCfg = Release|Win32
		{BBFB84D9-05C7-45C9-A261-B9578D493287}.Release|x64.ActiveCfg = Release|x64
		{BBFB84D9-05C7-45C9-A261-B9578D493287}.Release|x64.Build.0 = Release|x64
		{BBFB84D9-05C7-45C9-A261-B9578D493287}.Release|x86.ActiveCfg = Release|Win32
		{BBFB84D9-05C7-45C9-A261-B9578D493287}.Release|x86.Build.0 = Release|Win32
		{2E1FD5B2-87F9-414D-A221-A7EB1CFAD51E}.Debug|Any CPU.ActiveCfg = Debug|Win32
		{2E1FD5B2-87F9-414D-A221-A7EB1CFAD51E}.Debug|x64.ActiveCfg = Debug|x64
		{2E1FD5B2-87F9-414D-A221-A7EB1CFAD51E}.Debug|x64.Build.0 = Debug|x64
		{2E1FD5B2-87F9-414D-A221-A7EB1CFAD51E}.Debug|x86.ActiveCfg = Debug|Win32
		{2E1FD5B2-87F9-414D-A221-A7EB1CFAD51E}.Debug|x86.Build.0 = Debug|Win32
		{2E1FD5B2-87F9-414D-A221-A7EB1CFAD51E}.Release|Any CPU.ActiveCfg = Release|Win32
		{2E1FD5B2-87F9-414D-A221-A7EB1CFAD51E}.Release|x64.ActiveCfg = Release|x64
		{2E1FD5B2-87F9-414D-A221-A7EB1CFAD51E}.Release|x64.Build.0 = Release|x64
		{2E1FD5B2-87F9-414D-A221-A7EB1CFAD51E}.Release|x86.ActiveCfg = Release|Win32
		{2E1FD5B2-87F9-414D-A221-A7EB1CFAD51E}.Release|x86.Build.0 = Release|Win32
		{7868BF34-0338-4AC9-AC85-53C2E5813EDD}.Debug|Any CPU.ActiveCfg = Debug|Win32
		{7868BF34-0338-4AC9-AC85-53C2E5813EDD}.Debug|x64.ActiveCfg = Debug|x64
		{7868BF34-0338-4AC9-AC85-53C2E5813EDD}.Debug|x64.Build.0 = Debug|x64
		{7868BF34-0338-4AC9-AC85-53C2E5813EDD}.Debug|x86.ActiveCfg = Debug|Win32
		{7868BF34-0338-4AC9-AC85-53C2E5813EDD}.Debug|x86.Build.0 = Debug|Win32
		{7868BF34-0338-4AC9-AC85-53C2E5813EDD}.Release|Any CPU.ActiveCfg = Release|Win32
		{7868BF34-0338-4AC9-AC85-53C2E5813EDD}.Release|x64.ActiveCfg = Release|x64
		{7868BF34-0338-4AC9-AC85-53C2E5813EDD}.Release|x64.Build.0 = Release|x64
		{7868BF34-0338-4AC9-AC85-53C2E5813EDD}.Release|x86.ActiveCfg = Release|Win32
		{7868BF34-0338-4AC9-AC85-53C2E5813EDD}.Release|x86.Build.0 = Release|Win32
		{14D6E57F-CEF0-4095-99B3-5D841589B62F}.Debug|Any CPU.ActiveCfg = Debug|Win32
		{14D6E57F-CEF0-4095-99B3-5D841589B62F}.Debug|x64.ActiveCfg = Debug|x64
		{14D6E57F-CEF0-4095-99B3-5D841589B62F}.Debug|x64.Build.0 = Debug|x64
		{14D6E57F-CEF0-4095-99B3-5D841589B62F}.Debug|x86.ActiveCfg = Debug|Win32
		{14D6E57F-CEF0-4095-99B3-5D841589B62F}.Debug|x86.Build.0 = Debug|Win32
		{14D6E57F-CEF0-4095-99B3-5D841589B62F}.Release|Any CPU.ActiveCfg = Release|Win32
		{14D6E57F-CEF0-4095-99B3-5D841589B62F}.Release|x64.ActiveCfg = Release|x64
		{14D6E57F-CEF0-4095-99B3-5D841589B62F}.Release|x64.Build.0 = Release|x64
		{14D6E57F-CEF0-4095-99B3-5D841589B62F}.Release|x86.ActiveCfg = Release|Win32
		{14D6E57F-CEF0-4095-99B3-5D841589B62F}.Release|x86.Build.0 = Release|Win32
	EndGlobalSection
	GlobalSection(SolutionProperties) = preSolution
		HideSolutionNode = FALSE
	EndGlobalSection
EndGlobal
