<?xml version="1.0" encoding="utf-8"?>
<Project ToolsVersion="4.0" xmlns="http://schemas.microsoft.com/developer/msbuild/2003">
  <ItemGroup>
    <Filter Include="源文件">
      <UniqueIdentifier>{4FC737F1-C7A5-4376-A066-2A32D752A2FF}</UniqueIdentifier>
      <Extensions>cpp;c;cc;cxx;def;odl;idl;hpj;bat;asm;asmx</Extensions>
    </Filter>
    <Filter Include="头文件">
      <UniqueIdentifier>{93995380-89BD-4b04-88EB-625FBE52EBFB}</UniqueIdentifier>
      <Extensions>h;hh;hpp;hxx;hm;inl;inc;xsd</Extensions>
    </Filter>
    <Filter Include="资源文件">
      <UniqueIdentifier>{67DA6AB6-F800-4c08-8B7A-83BB121AAD01}</UniqueIdentifier>
      <Extensions>rc;ico;cur;bmp;dlg;rc2;rct;bin;rgs;gif;jpg;jpeg;jpe;resx;tiff;tif;png;wav;mfcribbon-ms</Extensions>
    </Filter>
    <Filter Include="algorithms">
      <UniqueIdentifier>{1f2adba8-98b4-4f94-976d-cb73c5d04bd5}</UniqueIdentifier>
    </Filter>
    <Filter Include="Net">
      <UniqueIdentifier>{8d1bc23c-1f7c-424d-b831-0de2c366cd7a}</UniqueIdentifier>
    </Filter>
  </ItemGroup>
  <ItemGroup>
    <ClCompile Include="ConvertUTF.c">
      <Filter>源文件</Filter>
    </ClCompile>
    <ClCompile Include="http_parser.c">
      <Filter>源文件</Filter>
    </ClCompile>
    <ClCompile Include="HttpMgr.cpp">
      <Filter>源文件</Filter>
    </ClCompile>
    <ClCompile Include="HttpParser.cpp">
      <Filter>源文件</Filter>
    </ClCompile>
    <ClCompile Include="log4z.cpp">
      <Filter>源文件</Filter>
    </ClCompile>
    <ClCompile Include="md5.cpp">
      <Filter>源文件</Filter>
    </ClCompile>
    <ClCompile Include="membuf.cpp">
      <Filter>源文件</Filter>
    </ClCompile>
    <ClCompile Include="NetUtility.cpp">
      <Filter>源文件</Filter>
    </ClCompile>
    <ClCompile Include="NNTCPServerMgr.cpp">
      <Filter>源文件</Filter>
    </ClCompile>
    <ClCompile Include="String2Hex.cpp">
      <Filter>源文件</Filter>
    </ClCompile>
    <ClCompile Include="Timer.cpp">
      <Filter>源文件</Filter>
    </ClCompile>
    <ClCompile Include="TimeSpan.cpp">
      <Filter>源文件</Filter>
    </ClCompile>
    <ClCompile Include="DBMsg.cpp">
      <Filter>源文件</Filter>
    </ClCompile>
    <ClCompile Include="DBWriter.cpp">
      <Filter>源文件</Filter>
    </ClCompile>
    <ClCompile Include="Global.cpp">
      <Filter>源文件</Filter>
    </ClCompile>
    <ClCompile Include="RedisDBEngine.cpp">
      <Filter>源文件</Filter>
    </ClCompile>
    <ClCompile Include="RedisWriter.cpp">
      <Filter>源文件</Filter>
    </ClCompile>
    <ClCompile Include="RegexHelper.cpp">
      <Filter>源文件</Filter>
    </ClCompile>
    <ClCompile Include="SQLDBEngine.cpp">
      <Filter>源文件</Filter>
    </ClCompile>
    <ClCompile Include="StateMachine.cpp">
      <Filter>源文件</Filter>
    </ClCompile>
    <ClCompile Include="WriteBackMgr.cpp">
      <Filter>源文件</Filter>
    </ClCompile>
    <ClCompile Include="fsm.cpp">
      <Filter>源文件</Filter>
    </ClCompile>
    <ClCompile Include="CSVparser.cpp">
      <Filter>源文件</Filter>
    </ClCompile>
    <ClCompile Include="RedisQueue.cpp">
      <Filter>源文件</Filter>
    </ClCompile>
    <ClCompile Include="clipper.cpp">
      <Filter>源文件</Filter>
    </ClCompile>
    <ClCompile Include="Singleton.cpp">
      <Filter>源文件</Filter>
    </ClCompile>
    <ClCompile Include="HTTPClientMgr.cpp">
      <Filter>源文件</Filter>
    </ClCompile>
    <ClCompile Include="algorithms\2darray.cpp">
      <Filter>algorithms</Filter>
    </ClCompile>
    <ClCompile Include="algorithms\8queen.cpp">
      <Filter>algorithms</Filter>
    </ClCompile>
    <ClCompile Include="algorithms\astar.cpp">
      <Filter>algorithms</Filter>
    </ClCompile>
    <ClCompile Include="algorithms\avl.cpp">
      <Filter>algorithms</Filter>
    </ClCompile>
    <ClCompile Include="algorithms\base64.cpp">
      <Filter>algorithms</Filter>
    </ClCompile>
    <ClCompile Include="algorithms\bellman_ford.cpp">
      <Filter>algorithms</Filter>
    </ClCompile>
    <ClCompile Include="algorithms\binary_search_tree.cpp">
      <Filter>algorithms</Filter>
    </ClCompile>
  </ItemGroup>
  <ItemGroup>
    <ClInclude Include="cc.h">
      <Filter>头文件</Filter>
    </ClInclude>
    <ClInclude Include="ConvertUTF.h">
      <Filter>头文件</Filter>
    </ClInclude>
    <ClInclude Include="http_parser.h">
      <Filter>头文件</Filter>
    </ClInclude>
    <ClInclude Include="HttpMgr.h">
      <Filter>头文件</Filter>
    </ClInclude>
    <ClInclude Include="HttpParser.h">
      <Filter>头文件</Filter>
    </ClInclude>
    <ClInclude Include="log4z.h">
      <Filter>头文件</Filter>
    </ClInclude>
    <ClInclude Include="md5.h">
      <Filter>头文件</Filter>
    </ClInclude>
    <ClInclude Include="membuf.h">
      <Filter>头文件</Filter>
    </ClInclude>
    <ClInclude Include="Method.hpp">
      <Filter>头文件</Filter>
    </ClInclude>
    <ClInclude Include="NetUtility.h">
      <Filter>头文件</Filter>
    </ClInclude>
    <ClInclude Include="NNTCPServerMgr.h">
      <Filter>头文件</Filter>
    </ClInclude>
    <ClInclude Include="SimpleIni.h">
      <Filter>头文件</Filter>
    </ClInclude>
    <ClInclude Include="Singleton.h">
      <Filter>头文件</Filter>
    </ClInclude>
    <ClInclude Include="String2Hex.h">
      <Filter>头文件</Filter>
    </ClInclude>
    <ClInclude Include="Timer.h">
      <Filter>头文件</Filter>
    </ClInclude>
    <ClInclude Include="TimeSpan.h">
      <Filter>头文件</Filter>
    </ClInclude>
    <ClInclude Include="DBMsg.h">
      <Filter>头文件</Filter>
    </ClInclude>
    <ClInclude Include="DBWriter.h">
      <Filter>头文件</Filter>
    </ClInclude>
    <ClInclude Include="Global.h">
      <Filter>头文件</Filter>
    </ClInclude>
    <ClInclude Include="RedisDBEngine.h">
      <Filter>头文件</Filter>
    </ClInclude>
    <ClInclude Include="RedisWriter.h">
      <Filter>头文件</Filter>
    </ClInclude>
    <ClInclude Include="RegexHelper.h">
      <Filter>头文件</Filter>
    </ClInclude>
    <ClInclude Include="SQLDBEngine.h">
      <Filter>头文件</Filter>
    </ClInclude>
    <ClInclude Include="StateMachine.h">
      <Filter>头文件</Filter>
    </ClInclude>
    <ClInclude Include="ThreadPool.h">
      <Filter>头文件</Filter>
    </ClInclude>
    <ClInclude Include="WriteBackMgr.h">
      <Filter>头文件</Filter>
    </ClInclude>
    <ClInclude Include="fsm.hpp">
      <Filter>头文件</Filter>
    </ClInclude>
    <ClInclude Include="CSVparser.hpp">
      <Filter>头文件</Filter>
    </ClInclude>
    <ClInclude Include="RedisQueue.h">
      <Filter>头文件</Filter>
    </ClInclude>
    <ClInclude Include="clipper.hpp">
      <Filter>头文件</Filter>
    </ClInclude>
    <ClInclude Include="HTTPClientMgr.h">
      <Filter>头文件</Filter>
    </ClInclude>
    <ClInclude Include="algorithms\2darray.h">
      <Filter>algorithms</Filter>
    </ClInclude>
    <ClInclude Include="algorithms\8queen.h">
      <Filter>algorithms</Filter>
    </ClInclude>
    <ClInclude Include="algorithms\astar.h">
      <Filter>algorithms</Filter>
    </ClInclude>
    <ClInclude Include="algorithms\avl.h">
      <Filter>algorithms</Filter>
    </ClInclude>
    <ClInclude Include="algorithms\base64.h">
      <Filter>algorithms</Filter>
    </ClInclude>
    <ClInclude Include="algorithms\bellman_ford.h">
      <Filter>algorithms</Filter>
    </ClInclude>
    <ClInclude Include="algorithms\binary_search_tree.h">
      <Filter>algorithms</Filter>
    </ClInclude>
    <ClInclude Include="algorithms\bitset.h">
      <Filter>algorithms</Filter>
    </ClInclude>
    <ClInclude Include="algorithms\bloom_filter.h">
      <Filter>algorithms</Filter>
    </ClInclude>
    <ClInclude Include="algorithms\btree.h">
      <Filter>algorithms</Filter>
    </ClInclude>
    <ClInclude Include="algorithms\bubble_sort.h">
      <Filter>algorithms</Filter>
    </ClInclude>
    <ClInclude Include="algorithms\dictionary.h">
      <Filter>algorithms</Filter>
    </ClInclude>
    <ClInclude Include="algorithms\dijkstra.h">
      <Filter>algorithms</Filter>
    </ClInclude>
    <ClInclude Include="algorithms\directed_graph.h">
      <Filter>algorithms</Filter>
    </ClInclude>
    <ClInclude Include="algorithms\disjoint-set.h">
      <Filter>algorithms</Filter>
    </ClInclude>
    <ClInclude Include="algorithms\dos_tree.h">
      <Filter>algorithms</Filter>
    </ClInclude>
    <ClInclude Include="algorithms\double_linked_list.h">
      <Filter>algorithms</Filter>
    </ClInclude>
    <ClInclude Include="algorithms\edmonds_karp.h">
      <Filter>algorithms</Filter>
    </ClInclude>
    <ClInclude Include="algorithms\fenwick_tree.h">
      <Filter>algorithms</Filter>
    </ClInclude>
    <ClInclude Include="algorithms\fib-heap.h">
      <Filter>algorithms</Filter>
    </ClInclude>
    <ClInclude Include="algorithms\generic.h">
      <Filter>algorithms</Filter>
    </ClInclude>
    <ClInclude Include="algorithms\graph_defs.h">
      <Filter>algorithms</Filter>
    </ClInclude>
    <ClInclude Include="algorithms\graph_search.h">
      <Filter>algorithms</Filter>
    </ClInclude>
    <ClInclude Include="algorithms\hash_code.h">
      <Filter>algorithms</Filter>
    </ClInclude>
    <ClInclude Include="algorithms\hash_multi.h">
      <Filter>algorithms</Filter>
    </ClInclude>
    <ClInclude Include="algorithms\hash_string.h">
      <Filter>algorithms</Filter>
    </ClInclude>
    <ClInclude Include="algorithms\hash_table.h">
      <Filter>algorithms</Filter>
    </ClInclude>
    <ClInclude Include="algorithms\heap.h">
      <Filter>algorithms</Filter>
    </ClInclude>
    <ClInclude Include="algorithms\huffman.h">
      <Filter>algorithms</Filter>
    </ClInclude>
    <ClInclude Include="algorithms\imath.h">
      <Filter>algorithms</Filter>
    </ClInclude>
    <ClInclude Include="algorithms\insertion_sort.h">
      <Filter>algorithms</Filter>
    </ClInclude>
    <ClInclude Include="algorithms\integer.h">
      <Filter>algorithms</Filter>
    </ClInclude>
    <ClInclude Include="algorithms\interval_tree.h">
      <Filter>algorithms</Filter>
    </ClInclude>
    <ClInclude Include="algorithms\k-means.h">
      <Filter>algorithms</Filter>
    </ClInclude>
    <ClInclude Include="algorithms\kmp.h">
      <Filter>algorithms</Filter>
    </ClInclude>
    <ClInclude Include="algorithms\kruskal_mst.h">
      <Filter>algorithms</Filter>
    </ClInclude>
    <ClInclude Include="algorithms\LCA.h">
      <Filter>algorithms</Filter>
    </ClInclude>
    <ClInclude Include="algorithms\lcs.h">
      <Filter>algorithms</Filter>
    </ClInclude>
    <ClInclude Include="algorithms\LRU_cache.h">
      <Filter>algorithms</Filter>
    </ClInclude>
    <ClInclude Include="algorithms\max_subarray.h">
      <Filter>algorithms</Filter>
    </ClInclude>
    <ClInclude Include="algorithms\md5.h">
      <Filter>algorithms</Filter>
    </ClInclude>
    <ClInclude Include="algorithms\merge_sort.h">
      <Filter>algorithms</Filter>
    </ClInclude>
    <ClInclude Include="algorithms\palindrome.h">
      <Filter>algorithms</Filter>
    </ClInclude>
    <ClInclude Include="algorithms\perfect_hash.h">
      <Filter>algorithms</Filter>
    </ClInclude>
    <ClInclude Include="algorithms\prime.h">
      <Filter>algorithms</Filter>
    </ClInclude>
    <ClInclude Include="algorithms\prim_mst.h">
      <Filter>algorithms</Filter>
    </ClInclude>
    <ClInclude Include="algorithms\priority_queue.h">
      <Filter>algorithms</Filter>
    </ClInclude>
    <ClInclude Include="algorithms\queue.h">
      <Filter>algorithms</Filter>
    </ClInclude>
    <ClInclude Include="algorithms\quick_sort.h">
      <Filter>algorithms</Filter>
    </ClInclude>
    <ClInclude Include="algorithms\radix_sort.h">
      <Filter>algorithms</Filter>
    </ClInclude>
    <ClInclude Include="algorithms\random.h">
      <Filter>algorithms</Filter>
    </ClInclude>
    <ClInclude Include="algorithms\random_select.h">
      <Filter>algorithms</Filter>
    </ClInclude>
    <ClInclude Include="algorithms\rbtree.h">
      <Filter>algorithms</Filter>
    </ClInclude>
    <ClInclude Include="algorithms\rbtree_defs.h">
      <Filter>algorithms</Filter>
    </ClInclude>
    <ClInclude Include="algorithms\relabel_to_front.h">
      <Filter>algorithms</Filter>
    </ClInclude>
    <ClInclude Include="algorithms\scc.h">
      <Filter>algorithms</Filter>
    </ClInclude>
    <ClInclude Include="algorithms\selection_sort.h">
      <Filter>algorithms</Filter>
    </ClInclude>
    <ClInclude Include="algorithms\sha1.h">
      <Filter>algorithms</Filter>
    </ClInclude>
    <ClInclude Include="algorithms\shell_sort.h">
      <Filter>algorithms</Filter>
    </ClInclude>
    <ClInclude Include="algorithms\shuffle.h">
      <Filter>algorithms</Filter>
    </ClInclude>
    <ClInclude Include="algorithms\simhash.h">
      <Filter>algorithms</Filter>
    </ClInclude>
    <ClInclude Include="algorithms\skiplist.h">
      <Filter>algorithms</Filter>
    </ClInclude>
    <ClInclude Include="algorithms\sol.h">
      <Filter>algorithms</Filter>
    </ClInclude>
    <ClInclude Include="algorithms\sort.h">
      <Filter>algorithms</Filter>
    </ClInclude>
    <ClInclude Include="algorithms\stack.h">
      <Filter>algorithms</Filter>
    </ClInclude>
    <ClInclude Include="algorithms\suffix_array.h">
      <Filter>algorithms</Filter>
    </ClInclude>
    <ClInclude Include="algorithms\suffix_tree.h">
      <Filter>algorithms</Filter>
    </ClInclude>
    <ClInclude Include="algorithms\trie.h">
      <Filter>algorithms</Filter>
    </ClInclude>
    <ClInclude Include="algorithms\undirected_graph.h">
      <Filter>algorithms</Filter>
    </ClInclude>
    <ClInclude Include="algorithms\universal_hash.h">
      <Filter>algorithms</Filter>
    </ClInclude>
    <ClInclude Include="algorithms\word_seg.h">
      <Filter>algorithms</Filter>
    </ClInclude>
    <ClInclude Include="algorithms\byteorder.h">
      <Filter>algorithms</Filter>
    </ClInclude>
    <ClInclude Include="algorithms\gb18030.h">
      <Filter>algorithms</Filter>
    </ClInclude>
  </ItemGroup>
</Project>