<?xml version="1.0" encoding="utf-8"?>
<Project ToolsVersion="4.0" xmlns="http://schemas.microsoft.com/developer/msbuild/2003">
  <ItemGroup>
    <Filter Include="源文件">
      <UniqueIdentifier>{4FC737F1-C7A5-4376-A066-2A32D752A2FF}</UniqueIdentifier>
      <Extensions>cpp;c;cc;cxx;def;odl;idl;hpj;bat;asm;asmx</Extensions>
    </Filter>
    <Filter Include="头文件">
      <UniqueIdentifier>{93995380-89BD-4b04-88EB-625FBE52EBFB}</UniqueIdentifier>
      <Extensions>h;hh;hpp;hxx;hm;inl;inc;xsd</Extensions>
    </Filter>
    <Filter Include="资源文件">
      <UniqueIdentifier>{67DA6AB6-F800-4c08-8B7A-83BB121AAD01}</UniqueIdentifier>
      <Extensions>rc;ico;cur;bmp;dlg;rc2;rct;bin;rgs;gif;jpg;jpeg;jpe;resx;tiff;tif;png;wav;mfcribbon-ms</Extensions>
    </Filter>
  </ItemGroup>
  <ItemGroup>
    <Text Include="ReadMe.txt" />
  </ItemGroup>
  <ItemGroup>
    <ClCompile Include="ConvertUTF.c">
      <Filter>源文件</Filter>
    </ClCompile>
    <ClCompile Include="http_parser.c">
      <Filter>源文件</Filter>
    </ClCompile>
    <ClCompile Include="HttpMgr.cpp">
      <Filter>源文件</Filter>
    </ClCompile>
    <ClCompile Include="HttpParser.cpp">
      <Filter>源文件</Filter>
    </ClCompile>
    <ClCompile Include="log4z.cpp">
      <Filter>源文件</Filter>
    </ClCompile>
    <ClCompile Include="md5.cpp">
      <Filter>源文件</Filter>
    </ClCompile>
    <ClCompile Include="membuf.cpp">
      <Filter>源文件</Filter>
    </ClCompile>
    <ClCompile Include="NetUtility.cpp">
      <Filter>源文件</Filter>
    </ClCompile>
    <ClCompile Include="NNTCPServerMgr.cpp">
      <Filter>源文件</Filter>
    </ClCompile>
    <ClCompile Include="String2Hex.cpp">
      <Filter>源文件</Filter>
    </ClCompile>
    <ClCompile Include="Timer.cpp">
      <Filter>源文件</Filter>
    </ClCompile>
    <ClCompile Include="TimeSpan.cpp">
      <Filter>源文件</Filter>
    </ClCompile>
    <ClCompile Include="DBMsg.cpp">
      <Filter>源文件</Filter>
    </ClCompile>
    <ClCompile Include="DBWriter.cpp">
      <Filter>源文件</Filter>
    </ClCompile>
    <ClCompile Include="Global.cpp">
      <Filter>源文件</Filter>
    </ClCompile>
    <ClCompile Include="RedisDBEngine.cpp">
      <Filter>源文件</Filter>
    </ClCompile>
    <ClCompile Include="RedisWriter.cpp">
      <Filter>源文件</Filter>
    </ClCompile>
    <ClCompile Include="RegexHelper.cpp">
      <Filter>源文件</Filter>
    </ClCompile>
    <ClCompile Include="SQLDBEngine.cpp">
      <Filter>源文件</Filter>
    </ClCompile>
    <ClCompile Include="StateMachine.cpp">
      <Filter>源文件</Filter>
    </ClCompile>
    <ClCompile Include="WriteBackMgr.cpp">
      <Filter>源文件</Filter>
    </ClCompile>
    <ClCompile Include="fsm.cpp">
      <Filter>源文件</Filter>
    </ClCompile>
    <ClCompile Include="UDTServerMgr.cpp">
      <Filter>源文件</Filter>
    </ClCompile>
    <ClCompile Include="CSVparser.cpp">
      <Filter>源文件</Filter>
    </ClCompile>
    <ClCompile Include="RedisQueue.cpp">
      <Filter>源文件</Filter>
    </ClCompile>
    <ClCompile Include="clipper.cpp">
      <Filter>源文件</Filter>
    </ClCompile>
    <ClCompile Include="Singleton.cpp">
      <Filter>源文件</Filter>
    </ClCompile>
    <ClCompile Include="HTTPClientMgr.cpp">
      <Filter>源文件</Filter>
    </ClCompile>
  </ItemGroup>
  <ItemGroup>
    <ClInclude Include="cc.h">
      <Filter>头文件</Filter>
    </ClInclude>
    <ClInclude Include="ConvertUTF.h">
      <Filter>头文件</Filter>
    </ClInclude>
    <ClInclude Include="http_parser.h">
      <Filter>头文件</Filter>
    </ClInclude>
    <ClInclude Include="HttpMgr.h">
      <Filter>头文件</Filter>
    </ClInclude>
    <ClInclude Include="HttpParser.h">
      <Filter>头文件</Filter>
    </ClInclude>
    <ClInclude Include="log4z.h">
      <Filter>头文件</Filter>
    </ClInclude>
    <ClInclude Include="md5.h">
      <Filter>头文件</Filter>
    </ClInclude>
    <ClInclude Include="membuf.h">
      <Filter>头文件</Filter>
    </ClInclude>
    <ClInclude Include="Method.hpp">
      <Filter>头文件</Filter>
    </ClInclude>
    <ClInclude Include="NetUtility.h">
      <Filter>头文件</Filter>
    </ClInclude>
    <ClInclude Include="NNTCPServerMgr.h">
      <Filter>头文件</Filter>
    </ClInclude>
    <ClInclude Include="SimpleIni.h">
      <Filter>头文件</Filter>
    </ClInclude>
    <ClInclude Include="Singleton.h">
      <Filter>头文件</Filter>
    </ClInclude>
    <ClInclude Include="String2Hex.h">
      <Filter>头文件</Filter>
    </ClInclude>
    <ClInclude Include="Timer.h">
      <Filter>头文件</Filter>
    </ClInclude>
    <ClInclude Include="TimeSpan.h">
      <Filter>头文件</Filter>
    </ClInclude>
    <ClInclude Include="DBMsg.h">
      <Filter>头文件</Filter>
    </ClInclude>
    <ClInclude Include="DBWriter.h">
      <Filter>头文件</Filter>
    </ClInclude>
    <ClInclude Include="Global.h">
      <Filter>头文件</Filter>
    </ClInclude>
    <ClInclude Include="RedisDBEngine.h">
      <Filter>头文件</Filter>
    </ClInclude>
    <ClInclude Include="RedisWriter.h">
      <Filter>头文件</Filter>
    </ClInclude>
    <ClInclude Include="RegexHelper.h">
      <Filter>头文件</Filter>
    </ClInclude>
    <ClInclude Include="SQLDBEngine.h">
      <Filter>头文件</Filter>
    </ClInclude>
    <ClInclude Include="StateMachine.h">
      <Filter>头文件</Filter>
    </ClInclude>
    <ClInclude Include="ThreadPool.h">
      <Filter>头文件</Filter>
    </ClInclude>
    <ClInclude Include="WriteBackMgr.h">
      <Filter>头文件</Filter>
    </ClInclude>
    <ClInclude Include="fsm.hpp">
      <Filter>头文件</Filter>
    </ClInclude>
    <ClInclude Include="UDTServerMgr.h">
      <Filter>头文件</Filter>
    </ClInclude>
    <ClInclude Include="CSVparser.hpp">
      <Filter>头文件</Filter>
    </ClInclude>
    <ClInclude Include="RedisQueue.h">
      <Filter>头文件</Filter>
    </ClInclude>
    <ClInclude Include="clipper.hpp">
      <Filter>头文件</Filter>
    </ClInclude>
    <ClInclude Include="HTTPClientMgr.h">
      <Filter>头文件</Filter>
    </ClInclude>
  </ItemGroup>
</Project>